Microsoft Visual Studio Solution File, Format Version 12.00
# Visual Studio Version 17
VisualStudioVersion = 17.5.2.0
MinimumVisualStudioVersion = 10.0.40219.1
Project("{FAE04EC0-301F-11D3-BF4B-00C04F79EFBC}") = "MobilizaAPI", "MobilizaAPI.csproj", "{033C6D3B-6A77-BFA2-85AE-1E2EA556ED4F}"
EndProject
Global
	GlobalSection(SolutionConfigurationPlatforms) = preSolution
		Debug|Any CPU = Debug|Any CPU
		Release|Any CPU = Release|Any CPU
	EndGlobalSection
	GlobalSection(ProjectConfigurationPlatforms) = postSolution
		{033C6D3B-6A77-BFA2-85AE-1E2EA556ED4F}.Debug|Any CPU.ActiveCfg = Debug|Any CPU
		{033C6D3B-6A77-BFA2-85AE-1E2EA556ED4F}.Debug|Any CPU.Build.0 = Debug|Any CPU
		{033C6D3B-6A77-BFA2-85AE-1E2EA556ED4F}.Release|Any CPU.ActiveCfg = Release|Any CPU
		{033C6D3B-6A77-BFA2-85AE-1E2EA556ED4F}.Release|Any CPU.Build.0 = Release|Any CPU
	EndGlobalSection
	GlobalSection(SolutionProperties) = preSolution
		HideSolutionNode = FALSE
	EndGlobalSection
	GlobalSection(ExtensibilityGlobals) = postSolution
		SolutionGuid = {117B2DC6-CF73-483C-9E72-9F1ACD7D5391}
	EndGlobalSection
EndGlobal
